// !$*UTF8*$!
{
	archiveVersion = 1;
	classes = {
	};
	objectVersion = 46;
	objects = {

/* Begin PBXBuildFile section */
		0A197C2BDD5A7041C5B5C3EA /* libPods-YJXMLYFM.a in Frameworks */ = {isa = PBXBuildFile; fileRef = 2B9B8851101143BC4C7F1FB0 /* libPods-YJXMLYFM.a */; };
		212050441F455EB100367080 /* XMLYBaseController.m in Sources */ = {isa = PBXBuildFile; fileRef = 212050431F455EB100367080 /* XMLYBaseController.m */; };
		2120504A1F45601900367080 /* FindViewController.m in Sources */ = {isa = PBXBuildFile; fileRef = 212050491F45601900367080 /* FindViewController.m */; };
		2120504E1F45667D00367080 /* FindSubTitleView.m in Sources */ = {isa = PBXBuildFile; fileRef = 2120504D1F45667D00367080 /* FindSubTitleView.m */; };
		21255A661F4287A200295628 /* AppDelegate.m in Sources */ = {isa = PBXBuildFile; fileRef = 21255A631F4287A200295628 /* AppDelegate.m */; };
		21255A691F4287C600295628 /* XMLYMacro.m in Sources */ = {isa = PBXBuildFile; fileRef = 21255A681F4287C600295628 /* XMLYMacro.m */; };
		21255A6E1F428A5200295628 /* RootController.m in Sources */ = {isa = PBXBuildFile; fileRef = 21255A6D1F428A5200295628 /* RootController.m */; };
		21255A711F42E67D00295628 /* Assets.xcassets in Resources */ = {isa = PBXBuildFile; fileRef = 21255A701F42E67D00295628 /* Assets.xcassets */; };
		214B87FD1F4BE08900CD94F3 /* FindRecommendViewModel.m in Sources */ = {isa = PBXBuildFile; fileRef = 214B87FC1F4BE08900CD94F3 /* FindRecommendViewModel.m */; };
		214B88021F4BF9E000CD94F3 /* XMLYFindAPI.m in Sources */ = {isa = PBXBuildFile; fileRef = 214B88011F4BF9E000CD94F3 /* XMLYFindAPI.m */; };
		214B88061F4C17B000CD94F3 /* XMLYBaseModel.m in Sources */ = {isa = PBXBuildFile; fileRef = 214B88051F4C17B000CD94F3 /* XMLYBaseModel.m */; };
		214B88091F4C17D200CD94F3 /* XMLYFindRecommendModel.m in Sources */ = {isa = PBXBuildFile; fileRef = 214B88081F4C17D200CD94F3 /* XMLYFindRecommendModel.m */; };
		214B880E1F4C290C00CD94F3 /* FindRecommedHeaderView.m in Sources */ = {isa = PBXBuildFile; fileRef = 214B880D1F4C290C00CD94F3 /* FindRecommedHeaderView.m */; };
		2173F3C91F4197870092A877 /* main.m in Sources */ = {isa = PBXBuildFile; fileRef = 2173F3C81F4197870092A877 /* main.m */; };
		2173F3CF1F4197870092A877 /* ViewController.m in Sources */ = {isa = PBXBuildFile; fileRef = 2173F3CE1F4197870092A877 /* ViewController.m */; };
		2173F3D21F4197870092A877 /* Main.storyboard in Resources */ = {isa = PBXBuildFile; fileRef = 2173F3D01F4197870092A877 /* Main.storyboard */; };
		2173F3D71F4197870092A877 /* LaunchScreen.storyboard in Resources */ = {isa = PBXBuildFile; fileRef = 2173F3D51F4197870092A877 /* LaunchScreen.storyboard */; };
		2173F3E21F4197880092A877 /* YJXMLYFMTests.m in Sources */ = {isa = PBXBuildFile; fileRef = 2173F3E11F4197880092A877 /* YJXMLYFMTests.m */; };
		2173F3ED1F4197880092A877 /* YJXMLYFMUITests.m in Sources */ = {isa = PBXBuildFile; fileRef = 2173F3EC1F4197880092A877 /* YJXMLYFMUITests.m */; };
		219B6BA21F4D11400020CD98 /* XMLYFindHotGuessModel.m in Sources */ = {isa = PBXBuildFile; fileRef = 219B6BA11F4D11400020CD98 /* XMLYFindHotGuessModel.m */; };
		219B6BA51F4D23750020CD98 /* HeaderIconView.m in Sources */ = {isa = PBXBuildFile; fileRef = 219B6BA41F4D23750020CD98 /* HeaderIconView.m */; };
		219B6BA91F4D685F0020CD98 /* FindBaseCell.m in Sources */ = {isa = PBXBuildFile; fileRef = 219B6BA81F4D685F0020CD98 /* FindBaseCell.m */; };
		219B6BAD1F4D69B80020CD98 /* FindCellFee.m in Sources */ = {isa = PBXBuildFile; fileRef = 219B6BAC1F4D69B80020CD98 /* FindCellFee.m */; };
		219B6BB01F4D7CF70020CD98 /* FindCellFeeItemView.m in Sources */ = {isa = PBXBuildFile; fileRef = 219B6BAF1F4D7CF70020CD98 /* FindCellFeeItemView.m */; };
		21B441A61F4678B800F92EA5 /* XMLYBaseFindController.m in Sources */ = {isa = PBXBuildFile; fileRef = 21B441A51F4678B800F92EA5 /* XMLYBaseFindController.m */; };
		21B441AE1F467AB300F92EA5 /* FindRecommendController.m in Sources */ = {isa = PBXBuildFile; fileRef = 21B441AD1F467AB300F92EA5 /* FindRecommendController.m */; };
		21B441B11F467ACD00F92EA5 /* FindCategoryController.m in Sources */ = {isa = PBXBuildFile; fileRef = 21B441B01F467ACD00F92EA5 /* FindCategoryController.m */; };
		21B441B41F467ADB00F92EA5 /* FindRadioController.m in Sources */ = {isa = PBXBuildFile; fileRef = 21B441B31F467ADB00F92EA5 /* FindRadioController.m */; };
		21B441B71F467AEE00F92EA5 /* FindRankController.m in Sources */ = {isa = PBXBuildFile; fileRef = 21B441B61F467AEE00F92EA5 /* FindRankController.m */; };
		21B441BD1F467FBD00F92EA5 /* FindAnchorController.m in Sources */ = {isa = PBXBuildFile; fileRef = 21B441BC1F467FBD00F92EA5 /* FindAnchorController.m */; };
		21B441C21F46C9BE00F92EA5 /* XMLYBaseRequest.m in Sources */ = {isa = PBXBuildFile; fileRef = 21B441C11F46C9BE00F92EA5 /* XMLYBaseRequest.m */; };
		21C63A2B1F4AA9C600363108 /* XMLYFindFactory.m in Sources */ = {isa = PBXBuildFile; fileRef = 21C63A2A1F4AA9C600363108 /* XMLYFindFactory.m */; };
		21CCFD1F1F4E6262002C399F /* XMLYFindLiveModel.m in Sources */ = {isa = PBXBuildFile; fileRef = 21CCFD1E1F4E6262002C399F /* XMLYFindLiveModel.m */; };
		21CCFD221F4E64C9002C399F /* FindCellLive.m in Sources */ = {isa = PBXBuildFile; fileRef = 21CCFD211F4E64C9002C399F /* FindCellLive.m */; };
		21CCFD251F4ECFEE002C399F /* FindSpecialCell.m in Sources */ = {isa = PBXBuildFile; fileRef = 21CCFD241F4ECFEE002C399F /* FindSpecialCell.m */; };
/* End PBXBuildFile section */

/* Begin PBXContainerItemProxy section */
		2173F3DE1F4197880092A877 /* PBXContainerItemProxy */ = {
			isa = PBXContainerItemProxy;
			containerPortal = 2173F3BC1F4197870092A877 /* Project object */;
			proxyType = 1;
			remoteGlobalIDString = 2173F3C31F4197870092A877;
			remoteInfo = YJXMLYFM;
		};
		2173F3E91F4197880092A877 /* PBXContainerItemProxy */ = {
			isa = PBXContainerItemProxy;
			containerPortal = 2173F3BC1F4197870092A877 /* Project object */;
			proxyType = 1;
			remoteGlobalIDString = 2173F3C31F4197870092A877;
			remoteInfo = YJXMLYFM;
		};
/* End PBXContainerItemProxy section */

/* Begin PBXFileReference section */
		212050421F455EB100367080 /* XMLYBaseController.h */ = {isa = PBXFileReference; fileEncoding = 4; lastKnownFileType = sourcecode.c.h; path = XMLYBaseController.h; sourceTree = "<group>"; };
		212050431F455EB100367080 /* XMLYBaseController.m */ = {isa = PBXFileReference; fileEncoding = 4; lastKnownFileType = sourcecode.c.objc; path = XMLYBaseController.m; sourceTree = "<group>"; };
		212050481F45601900367080 /* FindViewController.h */ = {isa = PBXFileReference; fileEncoding = 4; lastKnownFileType = sourcecode.c.h; path = FindViewController.h; sourceTree = "<group>"; };
		212050491F45601900367080 /* FindViewController.m */ = {isa = PBXFileReference; fileEncoding = 4; lastKnownFileType = sourcecode.c.objc; path = FindViewController.m; sourceTree = "<group>"; };
		2120504C1F45667D00367080 /* FindSubTitleView.h */ = {isa = PBXFileReference; fileEncoding = 4; lastKnownFileType = sourcecode.c.h; path = FindSubTitleView.h; sourceTree = "<group>"; };
		2120504D1F45667D00367080 /* FindSubTitleView.m */ = {isa = PBXFileReference; fileEncoding = 4; lastKnownFileType = sourcecode.c.objc; path = FindSubTitleView.m; sourceTree = "<group>"; };
		21255A621F4287A200295628 /* AppDelegate.h */ = {isa = PBXFileReference; fileEncoding = 4; lastKnownFileType = sourcecode.c.h; path = AppDelegate.h; sourceTree = "<group>"; };
		21255A631F4287A200295628 /* AppDelegate.m */ = {isa = PBXFileReference; fileEncoding = 4; lastKnownFileType = sourcecode.c.objc; path = AppDelegate.m; sourceTree = "<group>"; };
		21255A671F4287C600295628 /* XMLYMacro.h */ = {isa = PBXFileReference; fileEncoding = 4; lastKnownFileType = sourcecode.c.h; path = XMLYMacro.h; sourceTree = "<group>"; };
		21255A681F4287C600295628 /* XMLYMacro.m */ = {isa = PBXFileReference; fileEncoding = 4; lastKnownFileType = sourcecode.c.objc; path = XMLYMacro.m; sourceTree = "<group>"; };
		21255A6A1F4289C800295628 /* XMLYPrefixHeader.pch */ = {isa = PBXFileReference; lastKnownFileType = sourcecode.c.h; path = XMLYPrefixHeader.pch; sourceTree = "<group>"; };
		21255A6C1F428A5200295628 /* RootController.h */ = {isa = PBXFileReference; fileEncoding = 4; lastKnownFileType = sourcecode.c.h; path = RootController.h; sourceTree = "<group>"; };
		21255A6D1F428A5200295628 /* RootController.m */ = {isa = PBXFileReference; fileEncoding = 4; lastKnownFileType = sourcecode.c.objc; path = RootController.m; sourceTree = "<group>"; };
		21255A701F42E67D00295628 /* Assets.xcassets */ = {isa = PBXFileReference; lastKnownFileType = folder.assetcatalog; path = Assets.xcassets; sourceTree = "<group>"; };
		214B87FB1F4BE08900CD94F3 /* FindRecommendViewModel.h */ = {isa = PBXFileReference; fileEncoding = 4; lastKnownFileType = sourcecode.c.h; path = FindRecommendViewModel.h; sourceTree = "<group>"; };
		214B87FC1F4BE08900CD94F3 /* FindRecommendViewModel.m */ = {isa = PBXFileReference; fileEncoding = 4; lastKnownFileType = sourcecode.c.objc; path = FindRecommendViewModel.m; sourceTree = "<group>"; };
		214B88001F4BF9E000CD94F3 /* XMLYFindAPI.h */ = {isa = PBXFileReference; fileEncoding = 4; lastKnownFileType = sourcecode.c.h; path = XMLYFindAPI.h; sourceTree = "<group>"; };
		214B88011F4BF9E000CD94F3 /* XMLYFindAPI.m */ = {isa = PBXFileReference; fileEncoding = 4; lastKnownFileType = sourcecode.c.objc; path = XMLYFindAPI.m; sourceTree = "<group>"; };
		214B88041F4C17B000CD94F3 /* XMLYBaseModel.h */ = {isa = PBXFileReference; fileEncoding = 4; lastKnownFileType = sourcecode.c.h; path = XMLYBaseModel.h; sourceTree = "<group>"; };
		214B88051F4C17B000CD94F3 /* XMLYBaseModel.m */ = {isa = PBXFileReference; fileEncoding = 4; lastKnownFileType = sourcecode.c.objc; path = XMLYBaseModel.m; sourceTree = "<group>"; };
		214B88071F4C17D100CD94F3 /* XMLYFindRecommendModel.h */ = {isa = PBXFileReference; fileEncoding = 4; lastKnownFileType = sourcecode.c.h; path = XMLYFindRecommendModel.h; sourceTree = "<group>"; };
		214B88081F4C17D200CD94F3 /* XMLYFindRecommendModel.m */ = {isa = PBXFileReference; fileEncoding = 4; lastKnownFileType = sourcecode.c.objc; path = XMLYFindRecommendModel.m; sourceTree = "<group>"; };
		214B880C1F4C290C00CD94F3 /* FindRecommedHeaderView.h */ = {isa = PBXFileReference; fileEncoding = 4; lastKnownFileType = sourcecode.c.h; path = FindRecommedHeaderView.h; sourceTree = "<group>"; };
		214B880D1F4C290C00CD94F3 /* FindRecommedHeaderView.m */ = {isa = PBXFileReference; fileEncoding = 4; lastKnownFileType = sourcecode.c.objc; path = FindRecommedHeaderView.m; sourceTree = "<group>"; };
		2173F3C41F4197870092A877 /* YJXMLYFM.app */ = {isa = PBXFileReference; explicitFileType = wrapper.application; includeInIndex = 0; path = YJXMLYFM.app; sourceTree = BUILT_PRODUCTS_DIR; };
		2173F3C81F4197870092A877 /* main.m */ = {isa = PBXFileReference; lastKnownFileType = sourcecode.c.objc; path = main.m; sourceTree = "<group>"; };
		2173F3CD1F4197870092A877 /* ViewController.h */ = {isa = PBXFileReference; lastKnownFileType = sourcecode.c.h; path = ViewController.h; sourceTree = "<group>"; };
		2173F3CE1F4197870092A877 /* ViewController.m */ = {isa = PBXFileReference; lastKnownFileType = sourcecode.c.objc; path = ViewController.m; sourceTree = "<group>"; };
		2173F3D11F4197870092A877 /* Base */ = {isa = PBXFileReference; lastKnownFileType = file.storyboard; name = Base; path = Base.lproj/Main.storyboard; sourceTree = "<group>"; };
		2173F3D61F4197870092A877 /* Base */ = {isa = PBXFileReference; lastKnownFileType = file.storyboard; name = Base; path = Base.lproj/LaunchScreen.storyboard; sourceTree = "<group>"; };
		2173F3D81F4197870092A877 /* Info.plist */ = {isa = PBXFileReference; lastKnownFileType = text.plist.xml; path = Info.plist; sourceTree = "<group>"; };
		2173F3DD1F4197880092A877 /* YJXMLYFMTests.xctest */ = {isa = PBXFileReference; explicitFileType = wrapper.cfbundle; includeInIndex = 0; path = YJXMLYFMTests.xctest; sourceTree = BUILT_PRODUCTS_DIR; };
		2173F3E11F4197880092A877 /* YJXMLYFMTests.m */ = {isa = PBXFileReference; lastKnownFileType = sourcecode.c.objc; path = YJXMLYFMTests.m; sourceTree = "<group>"; };
		2173F3E31F4197880092A877 /* Info.plist */ = {isa = PBXFileReference; lastKnownFileType = text.plist.xml; path = Info.plist; sourceTree = "<group>"; };
		2173F3E81F4197880092A877 /* YJXMLYFMUITests.xctest */ = {isa = PBXFileReference; explicitFileType = wrapper.cfbundle; includeInIndex = 0; path = YJXMLYFMUITests.xctest; sourceTree = BUILT_PRODUCTS_DIR; };
		2173F3EC1F4197880092A877 /* YJXMLYFMUITests.m */ = {isa = PBXFileReference; lastKnownFileType = sourcecode.c.objc; path = YJXMLYFMUITests.m; sourceTree = "<group>"; };
		2173F3EE1F4197880092A877 /* Info.plist */ = {isa = PBXFileReference; lastKnownFileType = text.plist.xml; path = Info.plist; sourceTree = "<group>"; };
		219B6BA01F4D11400020CD98 /* XMLYFindHotGuessModel.h */ = {isa = PBXFileReference; fileEncoding = 4; lastKnownFileType = sourcecode.c.h; path = XMLYFindHotGuessModel.h; sourceTree = "<group>"; };
		219B6BA11F4D11400020CD98 /* XMLYFindHotGuessModel.m */ = {isa = PBXFileReference; fileEncoding = 4; lastKnownFileType = sourcecode.c.objc; path = XMLYFindHotGuessModel.m; sourceTree = "<group>"; };
		219B6BA31F4D23750020CD98 /* HeaderIconView.h */ = {isa = PBXFileReference; fileEncoding = 4; lastKnownFileType = sourcecode.c.h; path = HeaderIconView.h; sourceTree = "<group>"; };
		219B6BA41F4D23750020CD98 /* HeaderIconView.m */ = {isa = PBXFileReference; fileEncoding = 4; lastKnownFileType = sourcecode.c.objc; path = HeaderIconView.m; sourceTree = "<group>"; };
		219B6BA71F4D685F0020CD98 /* FindBaseCell.h */ = {isa = PBXFileReference; fileEncoding = 4; lastKnownFileType = sourcecode.c.h; path = FindBaseCell.h; sourceTree = "<group>"; };
		219B6BA81F4D685F0020CD98 /* FindBaseCell.m */ = {isa = PBXFileReference; fileEncoding = 4; lastKnownFileType = sourcecode.c.objc; path = FindBaseCell.m; sourceTree = "<group>"; };
		219B6BAB1F4D69B80020CD98 /* FindCellFee.h */ = {isa = PBXFileReference; fileEncoding = 4; lastKnownFileType = sourcecode.c.h; path = FindCellFee.h; sourceTree = "<group>"; };
		219B6BAC1F4D69B80020CD98 /* FindCellFee.m */ = {isa = PBXFileReference; fileEncoding = 4; lastKnownFileType = sourcecode.c.objc; path = FindCellFee.m; sourceTree = "<group>"; };
		219B6BAE1F4D7CF70020CD98 /* FindCellFeeItemView.h */ = {isa = PBXFileReference; fileEncoding = 4; lastKnownFileType = sourcecode.c.h; path = FindCellFeeItemView.h; sourceTree = "<group>"; };
		219B6BAF1F4D7CF70020CD98 /* FindCellFeeItemView.m */ = {isa = PBXFileReference; fileEncoding = 4; lastKnownFileType = sourcecode.c.objc; path = FindCellFeeItemView.m; sourceTree = "<group>"; };
		21B441A41F4678B800F92EA5 /* XMLYBaseFindController.h */ = {isa = PBXFileReference; fileEncoding = 4; lastKnownFileType = sourcecode.c.h; path = XMLYBaseFindController.h; sourceTree = "<group>"; };
		21B441A51F4678B800F92EA5 /* XMLYBaseFindController.m */ = {isa = PBXFileReference; fileEncoding = 4; lastKnownFileType = sourcecode.c.objc; path = XMLYBaseFindController.m; sourceTree = "<group>"; };
		21B441AC1F467AB300F92EA5 /* FindRecommendController.h */ = {isa = PBXFileReference; fileEncoding = 4; lastKnownFileType = sourcecode.c.h; path = FindRecommendController.h; sourceTree = "<group>"; };
		21B441AD1F467AB300F92EA5 /* FindRecommendController.m */ = {isa = PBXFileReference; fileEncoding = 4; lastKnownFileType = sourcecode.c.objc; path = FindRecommendController.m; sourceTree = "<group>"; };
		21B441AF1F467ACD00F92EA5 /* FindCategoryController.h */ = {isa = PBXFileReference; fileEncoding = 4; lastKnownFileType = sourcecode.c.h; path = FindCategoryController.h; sourceTree = "<group>"; };
		21B441B01F467ACD00F92EA5 /* FindCategoryController.m */ = {isa = PBXFileReference; fileEncoding = 4; lastKnownFileType = sourcecode.c.objc; path = FindCategoryController.m; sourceTree = "<group>"; };
		21B441B21F467ADB00F92EA5 /* FindRadioController.h */ = {isa = PBXFileReference; fileEncoding = 4; lastKnownFileType = sourcecode.c.h; path = FindRadioController.h; sourceTree = "<group>"; };
		21B441B31F467ADB00F92EA5 /* FindRadioController.m */ = {isa = PBXFileReference; fileEncoding = 4; lastKnownFileType = sourcecode.c.objc; path = FindRadioController.m; sourceTree = "<group>"; };
		21B441B51F467AEE00F92EA5 /* FindRankController.h */ = {isa = PBXFileReference; fileEncoding = 4; lastKnownFileType = sourcecode.c.h; path = FindRankController.h; sourceTree = "<group>"; };
		21B441B61F467AEE00F92EA5 /* FindRankController.m */ = {isa = PBXFileReference; fileEncoding = 4; lastKnownFileType = sourcecode.c.objc; path = FindRankController.m; sourceTree = "<group>"; };
		21B441BB1F467FBD00F92EA5 /* FindAnchorController.h */ = {isa = PBXFileReference; fileEncoding = 4; lastKnownFileType = sourcecode.c.h; path = FindAnchorController.h; sourceTree = "<group>"; };
		21B441BC1F467FBD00F92EA5 /* FindAnchorController.m */ = {isa = PBXFileReference; fileEncoding = 4; lastKnownFileType = sourcecode.c.objc; path = FindAnchorController.m; sourceTree = "<group>"; };
		21B441C01F46C9BE00F92EA5 /* XMLYBaseRequest.h */ = {isa = PBXFileReference; fileEncoding = 4; lastKnownFileType = sourcecode.c.h; path = XMLYBaseRequest.h; sourceTree = "<group>"; };
		21B441C11F46C9BE00F92EA5 /* XMLYBaseRequest.m */ = {isa = PBXFileReference; fileEncoding = 4; lastKnownFileType = sourcecode.c.objc; path = XMLYBaseRequest.m; sourceTree = "<group>"; };
		21C63A291F4AA9C600363108 /* XMLYFindFactory.h */ = {isa = PBXFileReference; fileEncoding = 4; lastKnownFileType = sourcecode.c.h; path = XMLYFindFactory.h; sourceTree = "<group>"; };
		21C63A2A1F4AA9C600363108 /* XMLYFindFactory.m */ = {isa = PBXFileReference; fileEncoding = 4; lastKnownFileType = sourcecode.c.objc; path = XMLYFindFactory.m; sourceTree = "<group>"; };
		21CCFD1D1F4E6262002C399F /* XMLYFindLiveModel.h */ = {isa = PBXFileReference; fileEncoding = 4; lastKnownFileType = sourcecode.c.h; path = XMLYFindLiveModel.h; sourceTree = "<group>"; };
		21CCFD1E1F4E6262002C399F /* XMLYFindLiveModel.m */ = {isa = PBXFileReference; fileEncoding = 4; lastKnownFileType = sourcecode.c.objc; path = XMLYFindLiveModel.m; sourceTree = "<group>"; };
		21CCFD201F4E64C9002C399F /* FindCellLive.h */ = {isa = PBXFileReference; fileEncoding = 4; lastKnownFileType = sourcecode.c.h; path = FindCellLive.h; sourceTree = "<group>"; };
		21CCFD211F4E64C9002C399F /* FindCellLive.m */ = {isa = PBXFileReference; fileEncoding = 4; lastKnownFileType = sourcecode.c.objc; path = FindCellLive.m; sourceTree = "<group>"; };
		21CCFD231F4ECFEE002C399F /* FindSpecialCell.h */ = {isa = PBXFileReference; fileEncoding = 4; lastKnownFileType = sourcecode.c.h; path = FindSpecialCell.h; sourceTree = "<group>"; };
		21CCFD241F4ECFEE002C399F /* FindSpecialCell.m */ = {isa = PBXFileReference; fileEncoding = 4; lastKnownFileType = sourcecode.c.objc; path = FindSpecialCell.m; sourceTree = "<group>"; };
		2B9B8851101143BC4C7F1FB0 /* libPods-YJXMLYFM.a */ = {isa = PBXFileReference; explicitFileType = archive.ar; includeInIndex = 0; path = "libPods-YJXMLYFM.a"; sourceTree = BUILT_PRODUCTS_DIR; };
		7F3EE86D3F371AC358B4F159 /* Pods-YJXMLYFM.debug.xcconfig */ = {isa = PBXFileReference; includeInIndex = 1; lastKnownFileType = text.xcconfig; name = "Pods-YJXMLYFM.debug.xcconfig"; path = "Pods/Target Support Files/Pods-YJXMLYFM/Pods-YJXMLYFM.debug.xcconfig"; sourceTree = "<group>"; };
		DEF906DBD884B14B765247F6 /* Pods-YJXMLYFM.release.xcconfig */ = {isa = PBXFileReference; includeInIndex = 1; lastKnownFileType = text.xcconfig; name = "Pods-YJXMLYFM.release.xcconfig"; path = "Pods/Target Support Files/Pods-YJXMLYFM/Pods-YJXMLYFM.release.xcconfig"; sourceTree = "<group>"; };
/* End PBXFileReference section */

/* Begin PBXFrameworksBuildPhase section */
		2173F3C11F4197870092A877 /* Frameworks */ = {
			isa = PBXFrameworksBuildPhase;
			buildActionMask = 2147483647;
			files = (
				0A197C2BDD5A7041C5B5C3EA /* libPods-YJXMLYFM.a in Frameworks */,
			);
			runOnlyForDeploymentPostprocessing = 0;
		};
		2173F3DA1F4197880092A877 /* Frameworks */ = {
			isa = PBXFrameworksBuildPhase;
			buildActionMask = 2147483647;
			files = (
			);
			runOnlyForDeploymentPostprocessing = 0;
		};
		2173F3E51F4197880092A877 /* Frameworks */ = {
			isa = PBXFrameworksBuildPhase;
			buildActionMask = 2147483647;
			files = (
			);
			runOnlyForDeploymentPostprocessing = 0;
		};
/* End PBXFrameworksBuildPhase section */

/* Begin PBXGroup section */
		212050411F455E9400367080 /* XMLYCommonUI */ = {
			isa = PBXGroup;
			children = (
				212050421F455EB100367080 /* XMLYBaseController.h */,
				212050431F455EB100367080 /* XMLYBaseController.m */,
			);
			path = XMLYCommonUI;
			sourceTree = "<group>";
		};
		212050451F455FEC00367080 /* Sections */ = {
			isa = PBXGroup;
			children = (
				212050461F455FEC00367080 /* FindSection */,
			);
			path = Sections;
			sourceTree = "<group>";
		};
		212050461F455FEC00367080 /* FindSection */ = {
			isa = PBXGroup;
			children = (
				2120504B1F45665B00367080 /* Views */,
				212050471F455FEC00367080 /* Controllers */,
			);
			path = FindSection;
			sourceTree = "<group>";
		};
		212050471F455FEC00367080 /* Controllers */ = {
			isa = PBXGroup;
			children = (
				212050481F45601900367080 /* FindViewController.h */,
				212050491F45601900367080 /* FindViewController.m */,
				21C63A291F4AA9C600363108 /* XMLYFindFactory.h */,
				21C63A2A1F4AA9C600363108 /* XMLYFindFactory.m */,
				21B441AB1F467A5D00F92EA5 /* RecommendController */,
				21B441A81F467A5D00F92EA5 /* CategoryController */,
				21B441A91F467A5D00F92EA5 /* RadioController */,
				21B441AA1F467A5D00F92EA5 /* RankController */,
				21B441A71F467A5D00F92EA5 /* AnchorController */,
				21B441A31F46789800F92EA5 /* BaseFindController */,
			);
			path = Controllers;
			sourceTree = "<group>";
		};
		2120504B1F45665B00367080 /* Views */ = {
			isa = PBXGroup;
			children = (
				2120504C1F45667D00367080 /* FindSubTitleView.h */,
				2120504D1F45667D00367080 /* FindSubTitleView.m */,
			);
			path = Views;
			sourceTree = "<group>";
		};
		21255A611F4287A200295628 /* APPDelegate */ = {
			isa = PBXGroup;
			children = (
				21255A621F4287A200295628 /* AppDelegate.h */,
				21255A631F4287A200295628 /* AppDelegate.m */,
			);
			path = APPDelegate;
			sourceTree = "<group>";
		};
		21255A641F4287A200295628 /* General */ = {
			isa = PBXGroup;
			children = (
				214B88031F4C179700CD94F3 /* XMLYBase */,
				212050411F455E9400367080 /* XMLYCommonUI */,
				21255A651F4287A200295628 /* XMLYMacro */,
			);
			path = General;
			sourceTree = "<group>";
		};
		21255A651F4287A200295628 /* XMLYMacro */ = {
			isa = PBXGroup;
			children = (
				21255A671F4287C600295628 /* XMLYMacro.h */,
				21255A681F4287C600295628 /* XMLYMacro.m */,
			);
			path = XMLYMacro;
			sourceTree = "<group>";
		};
		21255A6B1F428A2400295628 /* Root */ = {
			isa = PBXGroup;
			children = (
				21255A6C1F428A5200295628 /* RootController.h */,
				21255A6D1F428A5200295628 /* RootController.m */,
			);
			path = Root;
			sourceTree = "<group>";
		};
		21255A6F1F42E67D00295628 /* Resources */ = {
			isa = PBXGroup;
			children = (
				21255A701F42E67D00295628 /* Assets.xcassets */,
			);
			path = Resources;
			sourceTree = "<group>";
		};
		214B87F91F4BDCFD00CD94F3 /* Model */ = {
			isa = PBXGroup;
			children = (
				214B88071F4C17D100CD94F3 /* XMLYFindRecommendModel.h */,
				214B88081F4C17D200CD94F3 /* XMLYFindRecommendModel.m */,
				219B6BA01F4D11400020CD98 /* XMLYFindHotGuessModel.h */,
				219B6BA11F4D11400020CD98 /* XMLYFindHotGuessModel.m */,
				21CCFD1D1F4E6262002C399F /* XMLYFindLiveModel.h */,
				21CCFD1E1F4E6262002C399F /* XMLYFindLiveModel.m */,
			);
			path = Model;
			sourceTree = "<group>";
		};
		214B87FA1F4BDCFD00CD94F3 /* ViewModel */ = {
			isa = PBXGroup;
			children = (
				214B87FB1F4BE08900CD94F3 /* FindRecommendViewModel.h */,
				214B87FC1F4BE08900CD94F3 /* FindRecommendViewModel.m */,
			);
			path = ViewModel;
			sourceTree = "<group>";
		};
		214B87FE1F4BF8F100CD94F3 /* XMLYFindSectionAPI */ = {
			isa = PBXGroup;
			children = (
				214B87FF1F4BF99600CD94F3 /* FindAPI */,
			);
			path = XMLYFindSectionAPI;
			sourceTree = "<group>";
		};
		214B87FF1F4BF99600CD94F3 /* FindAPI */ = {
			isa = PBXGroup;
			children = (
				214B88001F4BF9E000CD94F3 /* XMLYFindAPI.h */,
				214B88011F4BF9E000CD94F3 /* XMLYFindAPI.m */,
			);
			path = FindAPI;
			sourceTree = "<group>";
		};
		214B88031F4C179700CD94F3 /* XMLYBase */ = {
			isa = PBXGroup;
			children = (
				214B88041F4C17B000CD94F3 /* XMLYBaseModel.h */,
				214B88051F4C17B000CD94F3 /* XMLYBaseModel.m */,
			);
			path = XMLYBase;
			sourceTree = "<group>";
		};
		214B880A1F4C28E900CD94F3 /* View */ = {
			isa = PBXGroup;
			children = (
				219B6BAA1F4D69A30020CD98 /* FindCellFee */,
				219B6BA61F4D674A0020CD98 /* FindBaseCell */,
				214B880B1F4C28E900CD94F3 /* FindRecommendHeader */,
			);
			path = View;
			sourceTree = "<group>";
		};
		214B880B1F4C28E900CD94F3 /* FindRecommendHeader */ = {
			isa = PBXGroup;
			children = (
				214B880C1F4C290C00CD94F3 /* FindRecommedHeaderView.h */,
				214B880D1F4C290C00CD94F3 /* FindRecommedHeaderView.m */,
				219B6BA31F4D23750020CD98 /* HeaderIconView.h */,
				219B6BA41F4D23750020CD98 /* HeaderIconView.m */,
			);
			path = FindRecommendHeader;
			sourceTree = "<group>";
		};
		2173F3BB1F4197870092A877 = {
			isa = PBXGroup;
			children = (
				2173F3C61F4197870092A877 /* YJXMLYFM */,
				2173F3E01F4197880092A877 /* YJXMLYFMTests */,
				2173F3EB1F4197880092A877 /* YJXMLYFMUITests */,
				2173F3C51F4197870092A877 /* Products */,
				DE5BBD1C8991E983094850E6 /* Pods */,
				D4449ACB86E071686F2BD9A0 /* Frameworks */,
			);
			sourceTree = "<group>";
		};
		2173F3C51F4197870092A877 /* Products */ = {
			isa = PBXGroup;
			children = (
				2173F3C41F4197870092A877 /* YJXMLYFM.app */,
				2173F3DD1F4197880092A877 /* YJXMLYFMTests.xctest */,
				2173F3E81F4197880092A877 /* YJXMLYFMUITests.xctest */,
			);
			name = Products;
			sourceTree = "<group>";
		};
		2173F3C61F4197870092A877 /* YJXMLYFM */ = {
			isa = PBXGroup;
			children = (
				21B441BE1F46C8F600F92EA5 /* HTTPRequest */,
				212050451F455FEC00367080 /* Sections */,
				21255A6F1F42E67D00295628 /* Resources */,
				21255A6B1F428A2400295628 /* Root */,
				21255A611F4287A200295628 /* APPDelegate */,
				21255A641F4287A200295628 /* General */,
				2173F3CD1F4197870092A877 /* ViewController.h */,
				2173F3CE1F4197870092A877 /* ViewController.m */,
				2173F3D01F4197870092A877 /* Main.storyboard */,
				2173F3D51F4197870092A877 /* LaunchScreen.storyboard */,
				2173F3D81F4197870092A877 /* Info.plist */,
				2173F3C71F4197870092A877 /* Supporting Files */,
			);
			path = YJXMLYFM;
			sourceTree = "<group>";
		};
		2173F3C71F4197870092A877 /* Supporting Files */ = {
			isa = PBXGroup;
			children = (
				2173F3C81F4197870092A877 /* main.m */,
				21255A6A1F4289C800295628 /* XMLYPrefixHeader.pch */,
			);
			name = "Supporting Files";
			sourceTree = "<group>";
		};
		2173F3E01F4197880092A877 /* YJXMLYFMTests */ = {
			isa = PBXGroup;
			children = (
				2173F3E11F4197880092A877 /* YJXMLYFMTests.m */,
				2173F3E31F4197880092A877 /* Info.plist */,
			);
			path = YJXMLYFMTests;
			sourceTree = "<group>";
		};
		2173F3EB1F4197880092A877 /* YJXMLYFMUITests */ = {
			isa = PBXGroup;
			children = (
				2173F3EC1F4197880092A877 /* YJXMLYFMUITests.m */,
				2173F3EE1F4197880092A877 /* Info.plist */,
			);
			path = YJXMLYFMUITests;
			sourceTree = "<group>";
		};
		219B6BA61F4D674A0020CD98 /* FindBaseCell */ = {
			isa = PBXGroup;
			children = (
				219B6BA71F4D685F0020CD98 /* FindBaseCell.h */,
				219B6BA81F4D685F0020CD98 /* FindBaseCell.m */,
			);
			path = FindBaseCell;
			sourceTree = "<group>";
		};
		219B6BAA1F4D69A30020CD98 /* FindCellFee */ = {
			isa = PBXGroup;
			children = (
				219B6BAB1F4D69B80020CD98 /* FindCellFee.h */,
				219B6BAC1F4D69B80020CD98 /* FindCellFee.m */,
				21CCFD201F4E64C9002C399F /* FindCellLive.h */,
				21CCFD211F4E64C9002C399F /* FindCellLive.m */,
				21CCFD231F4ECFEE002C399F /* FindSpecialCell.h */,
				21CCFD241F4ECFEE002C399F /* FindSpecialCell.m */,
				219B6BAE1F4D7CF70020CD98 /* FindCellFeeItemView.h */,
				219B6BAF1F4D7CF70020CD98 /* FindCellFeeItemView.m */,
			);
			path = FindCellFee;
			sourceTree = "<group>";
		};
		21B441A31F46789800F92EA5 /* BaseFindController */ = {
			isa = PBXGroup;
			children = (
				21B441A41F4678B800F92EA5 /* XMLYBaseFindController.h */,
				21B441A51F4678B800F92EA5 /* XMLYBaseFindController.m */,
			);
			path = BaseFindController;
			sourceTree = "<group>";
		};
		21B441A71F467A5D00F92EA5 /* AnchorController */ = {
			isa = PBXGroup;
			children = (
				21B441BB1F467FBD00F92EA5 /* FindAnchorController.h */,
				21B441BC1F467FBD00F92EA5 /* FindAnchorController.m */,
			);
			path = AnchorController;
			sourceTree = "<group>";
		};
		21B441A81F467A5D00F92EA5 /* CategoryController */ = {
			isa = PBXGroup;
			children = (
				21B441AF1F467ACD00F92EA5 /* FindCategoryController.h */,
				21B441B01F467ACD00F92EA5 /* FindCategoryController.m */,
			);
			path = CategoryController;
			sourceTree = "<group>";
		};
		21B441A91F467A5D00F92EA5 /* RadioController */ = {
			isa = PBXGroup;
			children = (
				21B441B21F467ADB00F92EA5 /* FindRadioController.h */,
				21B441B31F467ADB00F92EA5 /* FindRadioController.m */,
			);
			path = RadioController;
			sourceTree = "<group>";
		};
		21B441AA1F467A5D00F92EA5 /* RankController */ = {
			isa = PBXGroup;
			children = (
				21B441B51F467AEE00F92EA5 /* FindRankController.h */,
				21B441B61F467AEE00F92EA5 /* FindRankController.m */,
			);
			path = RankController;
			sourceTree = "<group>";
		};
		21B441AB1F467A5D00F92EA5 /* RecommendController */ = {
			isa = PBXGroup;
			children = (
				21B441AC1F467AB300F92EA5 /* FindRecommendController.h */,
				21B441AD1F467AB300F92EA5 /* FindRecommendController.m */,
				214B880A1F4C28E900CD94F3 /* View */,
				214B87F91F4BDCFD00CD94F3 /* Model */,
				214B87FA1F4BDCFD00CD94F3 /* ViewModel */,
			);
			path = RecommendController;
			sourceTree = "<group>";
		};
		21B441BE1F46C8F600F92EA5 /* HTTPRequest */ = {
			isa = PBXGroup;
			children = (
				214B87FE1F4BF8F100CD94F3 /* XMLYFindSectionAPI */,
				21B441BF1F46C91300F92EA5 /* HTTPBaseRequset */,
			);
			path = HTTPRequest;
			sourceTree = "<group>";
		};
		21B441BF1F46C91300F92EA5 /* HTTPBaseRequset */ = {
			isa = PBXGroup;
			children = (
				21B441C01F46C9BE00F92EA5 /* XMLYBaseRequest.h */,
				21B441C11F46C9BE00F92EA5 /* XMLYBaseRequest.m */,
			);
			path = HTTPBaseRequset;
			sourceTree = "<group>";
		};
		D4449ACB86E071686F2BD9A0 /* Frameworks */ = {
			isa = PBXGroup;
			children = (
				2B9B8851101143BC4C7F1FB0 /* libPods-YJXMLYFM.a */,
			);
			name = Frameworks;
			sourceTree = "<group>";
		};
		DE5BBD1C8991E983094850E6 /* Pods */ = {
			isa = PBXGroup;
			children = (
				7F3EE86D3F371AC358B4F159 /* Pods-YJXMLYFM.debug.xcconfig */,
				DEF906DBD884B14B765247F6 /* Pods-YJXMLYFM.release.xcconfig */,
			);
			name = Pods;
			sourceTree = "<group>";
		};
/* End PBXGroup section */

/* Begin PBXNativeTarget section */
		2173F3C31F4197870092A877 /* YJXMLYFM */ = {
			isa = PBXNativeTarget;
			buildConfigurationList = 2173F3F11F4197880092A877 /* Build configuration list for PBXNativeTarget "YJXMLYFM" */;
			buildPhases = (
				ECBD7E946E16D4AA137EDC8A /* [CP] Check Pods Manifest.lock */,
				2173F3C01F4197870092A877 /* Sources */,
				2173F3C11F4197870092A877 /* Frameworks */,
				2173F3C21F4197870092A877 /* Resources */,
				65D34DD8E817551009776499 /* [CP] Embed Pods Frameworks */,
				F253B823B9036F401532A96E /* [CP] Copy Pods Resources */,
			);
			buildRules = (
			);
			dependencies = (
			);
			name = YJXMLYFM;
			productName = YJXMLYFM;
			productReference = 2173F3C41F4197870092A877 /* YJXMLYFM.app */;
			productType = "com.apple.product-type.application";
		};
		2173F3DC1F4197880092A877 /* YJXMLYFMTests */ = {
			isa = PBXNativeTarget;
			buildConfigurationList = 2173F3F41F4197880092A877 /* Build configuration list for PBXNativeTarget "YJXMLYFMTests" */;
			buildPhases = (
				2173F3D91F4197880092A877 /* Sources */,
				2173F3DA1F4197880092A877 /* Frameworks */,
				2173F3DB1F4197880092A877 /* Resources */,
			);
			buildRules = (
			);
			dependencies = (
				2173F3DF1F4197880092A877 /* PBXTargetDependency */,
			);
			name = YJXMLYFMTests;
			productName = YJXMLYFMTests;
			productReference = 2173F3DD1F4197880092A877 /* YJXMLYFMTests.xctest */;
			productType = "com.apple.product-type.bundle.unit-test";
		};
		2173F3E71F4197880092A877 /* YJXMLYFMUITests */ = {
			isa = PBXNativeTarget;
			buildConfigurationList = 2173F3F71F4197880092A877 /* Build configuration list for PBXNativeTarget "YJXMLYFMUITests" */;
			buildPhases = (
				2173F3E41F4197880092A877 /* Sources */,
				2173F3E51F4197880092A877 /* Frameworks */,
				2173F3E61F4197880092A877 /* Resources */,
			);
			buildRules = (
			);
			dependencies = (
				2173F3EA1F4197880092A877 /* PBXTargetDependency */,
			);
			name = YJXMLYFMUITests;
			productName = YJXMLYFMUITests;
			productReference = 2173F3E81F4197880092A877 /* YJXMLYFMUITests.xctest */;
			productType = "com.apple.product-type.bundle.ui-testing";
		};
/* End PBXNativeTarget section */

/* Begin PBXProject section */
		2173F3BC1F4197870092A877 /* Project object */ = {
			isa = PBXProject;
			attributes = {
				LastUpgradeCheck = 0830;
				ORGANIZATIONNAME = eco;
				TargetAttributes = {
					2173F3C31F4197870092A877 = {
						CreatedOnToolsVersion = 8.3.1;
						DevelopmentTeam = C7G78L37X3;
						ProvisioningStyle = Automatic;
					};
					2173F3DC1F4197880092A877 = {
						CreatedOnToolsVersion = 8.3.1;
						DevelopmentTeam = C7G78L37X3;
						ProvisioningStyle = Automatic;
						TestTargetID = 2173F3C31F4197870092A877;
					};
					2173F3E71F4197880092A877 = {
						CreatedOnToolsVersion = 8.3.1;
						DevelopmentTeam = C7G78L37X3;
						ProvisioningStyle = Automatic;
						TestTargetID = 2173F3C31F4197870092A877;
					};
				};
			};
			buildConfigurationList = 2173F3BF1F4197870092A877 /* Build configuration list for PBXProject "YJXMLYFM" */;
			compatibilityVersion = "Xcode 3.2";
			developmentRegion = English;
			hasScannedForEncodings = 0;
			knownRegions = (
				en,
				Base,
			);
			mainGroup = 2173F3BB1F4197870092A877;
			productRefGroup = 2173F3C51F4197870092A877 /* Products */;
			projectDirPath = "";
			projectRoot = "";
			targets = (
				2173F3C31F4197870092A877 /* YJXMLYFM */,
				2173F3DC1F4197880092A877 /* YJXMLYFMTests */,
				2173F3E71F4197880092A877 /* YJXMLYFMUITests */,
			);
		};
/* End PBXProject section */

/* Begin PBXResourcesBuildPhase section */
		2173F3C21F4197870092A877 /* Resources */ = {
			isa = PBXResourcesBuildPhase;
			buildActionMask = 2147483647;
			files = (
				2173F3D71F4197870092A877 /* LaunchScreen.storyboard in Resources */,
				21255A711F42E67D00295628 /* Assets.xcassets in Resources */,
				2173F3D21F4197870092A877 /* Main.storyboard in Resources */,
			);
			runOnlyForDeploymentPostprocessing = 0;
		};
		2173F3DB1F4197880092A877 /* Resources */ = {
			isa = PBXResourcesBuildPhase;
			buildActionMask = 2147483647;
			files = (
			);
			runOnlyForDeploymentPostprocessing = 0;
		};
		2173F3E61F4197880092A877 /* Resources */ = {
			isa = PBXResourcesBuildPhase;
			buildActionMask = 2147483647;
			files = (
			);
			runOnlyForDeploymentPostprocessing = 0;
		};
/* End PBXResourcesBuildPhase section */

/* Begin PBXShellScriptBuildPhase section */
		65D34DD8E817551009776499 /* [CP] Embed Pods Frameworks */ = {
			isa = PBXShellScriptBuildPhase;
			buildActionMask = 2147483647;
			files = (
			);
			inputPaths = (
			);
			name = "[CP] Embed Pods Frameworks";
			outputPaths = (
			);
			runOnlyForDeploymentPostprocessing = 0;
			shellPath = /bin/sh;
			shellScript = "\"${SRCROOT}/Pods/Target Support Files/Pods-YJXMLYFM/Pods-YJXMLYFM-frameworks.sh\"\n";
			showEnvVarsInLog = 0;
		};
		ECBD7E946E16D4AA137EDC8A /* [CP] Check Pods Manifest.lock */ = {
			isa = PBXShellScriptBuildPhase;
			buildActionMask = 2147483647;
			files = (
			);
			inputPaths = (
			);
			name = "[CP] Check Pods Manifest.lock";
			outputPaths = (
			);
			runOnlyForDeploymentPostprocessing = 0;
			shellPath = /bin/sh;
			shellScript = "diff \"${PODS_PODFILE_DIR_PATH}/Podfile.lock\" \"${PODS_ROOT}/Manifest.lock\" > /dev/null\nif [ $? != 0 ] ; then\n    # print error to STDERR\n    echo \"error: The sandbox is not in sync with the Podfile.lock. Run 'pod install' or update your CocoaPods installation.\" >&2\n    exit 1\nfi\n";
			showEnvVarsInLog = 0;
		};
		F253B823B9036F401532A96E /* [CP] Copy Pods Resources */ = {
			isa = PBXShellScriptBuildPhase;
			buildActionMask = 2147483647;
			files = (
			);
			inputPaths = (
			);
			name = "[CP] Copy Pods Resources";
			outputPaths = (
			);
			runOnlyForDeploymentPostprocessing = 0;
			shellPath = /bin/sh;
			shellScript = "\"${SRCROOT}/Pods/Target Support Files/Pods-YJXMLYFM/Pods-YJXMLYFM-resources.sh\"\n";
			showEnvVarsInLog = 0;
		};
/* End PBXShellScriptBuildPhase section */

/* Begin PBXSourcesBuildPhase section */
		2173F3C01F4197870092A877 /* Sources */ = {
			isa = PBXSourcesBuildPhase;
			buildActionMask = 2147483647;
			files = (
				214B880E1F4C290C00CD94F3 /* FindRecommedHeaderView.m in Sources */,
				21B441B41F467ADB00F92EA5 /* FindRadioController.m in Sources */,
				214B88091F4C17D200CD94F3 /* XMLYFindRecommendModel.m in Sources */,
				2173F3CF1F4197870092A877 /* ViewController.m in Sources */,
				21B441AE1F467AB300F92EA5 /* FindRecommendController.m in Sources */,
				219B6BA91F4D685F0020CD98 /* FindBaseCell.m in Sources */,
				214B88021F4BF9E000CD94F3 /* XMLYFindAPI.m in Sources */,
				21B441A61F4678B800F92EA5 /* XMLYBaseFindController.m in Sources */,
				21B441B71F467AEE00F92EA5 /* FindRankController.m in Sources */,
				219B6BB01F4D7CF70020CD98 /* FindCellFeeItemView.m in Sources */,
				21CCFD1F1F4E6262002C399F /* XMLYFindLiveModel.m in Sources */,
				21B441B11F467ACD00F92EA5 /* FindCategoryController.m in Sources */,
				214B88061F4C17B000CD94F3 /* XMLYBaseModel.m in Sources */,
				2173F3C91F4197870092A877 /* main.m in Sources */,
				21CCFD251F4ECFEE002C399F /* FindSpecialCell.m in Sources */,
				21255A691F4287C600295628 /* XMLYMacro.m in Sources */,
				21255A661F4287A200295628 /* AppDelegate.m in Sources */,
				212050441F455EB100367080 /* XMLYBaseController.m in Sources */,
				219B6BA21F4D11400020CD98 /* XMLYFindHotGuessModel.m in Sources */,
				2120504E1F45667D00367080 /* FindSubTitleView.m in Sources */,
				219B6BAD1F4D69B80020CD98 /* FindCellFee.m in Sources */,
				21255A6E1F428A5200295628 /* RootController.m in Sources */,
				2120504A1F45601900367080 /* FindViewController.m in Sources */,
				214B87FD1F4BE08900CD94F3 /* FindRecommendViewModel.m in Sources */,
				219B6BA51F4D23750020CD98 /* HeaderIconView.m in Sources */,
				21B441BD1F467FBD00F92EA5 /* FindAnchorController.m in Sources */,
				21B441C21F46C9BE00F92EA5 /* XMLYBaseRequest.m in Sources */,
				21CCFD221F4E64C9002C399F /* FindCellLive.m in Sources */,
				21C63A2B1F4AA9C600363108 /* XMLYFindFactory.m in Sources */,
			);
			runOnlyForDeploymentPostprocessing = 0;
		};
		2173F3D91F4197880092A877 /* Sources */ = {
			isa = PBXSourcesBuildPhase;
			buildActionMask = 2147483647;
			files = (
				2173F3E21F4197880092A877 /* YJXMLYFMTests.m in Sources */,
			);
			runOnlyForDeploymentPostprocessing = 0;
		};
		2173F3E41F4197880092A877 /* Sources */ = {
			isa = PBXSourcesBuildPhase;
			buildActionMask = 2147483647;
			files = (
				2173F3ED1F4197880092A877 /* YJXMLYFMUITests.m in Sources */,
			);
			runOnlyForDeploymentPostprocessing = 0;
		};
/* End PBXSourcesBuildPhase section */

/* Begin PBXTargetDependency section */
		2173F3DF1F4197880092A877 /* PBXTargetDependency */ = {
			isa = PBXTargetDependency;
			target = 2173F3C31F4197870092A877 /* YJXMLYFM */;
			targetProxy = 2173F3DE1F4197880092A877 /* PBXContainerItemProxy */;
		};
		2173F3EA1F4197880092A877 /* PBXTargetDependency */ = {
			isa = PBXTargetDependency;
			target = 2173F3C31F4197870092A877 /* YJXMLYFM */;
			targetProxy = 2173F3E91F4197880092A877 /* PBXContainerItemProxy */;
		};
/* End PBXTargetDependency section */

/* Begin PBXVariantGroup section */
		2173F3D01F4197870092A877 /* Main.storyboard */ = {
			isa = PBXVariantGroup;
			children = (
				2173F3D11F4197870092A877 /* Base */,
			);
			name = Main.storyboard;
			sourceTree = "<group>";
		};
		2173F3D51F4197870092A877 /* LaunchScreen.storyboard */ = {
			isa = PBXVariantGroup;
			children = (
				2173F3D61F4197870092A877 /* Base */,
			);
			name = LaunchScreen.storyboard;
			sourceTree = "<group>";
		};
/* End PBXVariantGroup section */

/* Begin XCBuildConfiguration section */
		2173F3EF1F4197880092A877 /* Debug */ = {
			isa = XCBuildConfiguration;
			buildSettings = {
				ALWAYS_SEARCH_USER_PATHS = NO;
				CLANG_ANALYZER_NONNULL = YES;
				CLANG_ANALYZER_NUMBER_OBJECT_CONVERSION = YES_AGGRESSIVE;
				CLANG_CXX_LANGUAGE_STANDARD = "gnu++0x";
				CLANG_CXX_LIBRARY = "libc++";
				CLANG_ENABLE_MODULES = YES;
				CLANG_ENABLE_OBJC_ARC = YES;
				CLANG_WARN_BOOL_CONVERSION = YES;
				CLANG_WARN_CONSTANT_CONVERSION = YES;
				CLANG_WARN_DIRECT_OBJC_ISA_USAGE = YES_ERROR;
				CLANG_WARN_DOCUMENTATION_COMMENTS = YES;
				CLANG_WARN_EMPTY_BODY = YES;
				CLANG_WARN_ENUM_CONVERSION = YES;
				CLANG_WARN_INFINITE_RECURSION = YES;
				CLANG_WARN_INT_CONVERSION = YES;
				CLANG_WARN_OBJC_ROOT_CLASS = YES_ERROR;
				CLANG_WARN_SUSPICIOUS_MOVE = YES;
				CLANG_WARN_UNREACHABLE_CODE = YES;
				CLANG_WARN__DUPLICATE_METHOD_MATCH = YES;
				"CODE_SIGN_IDENTITY[sdk=iphoneos*]" = "iPhone Developer";
				COPY_PHASE_STRIP = NO;
				DEBUG_INFORMATION_FORMAT = dwarf;
				ENABLE_STRICT_OBJC_MSGSEND = YES;
				ENABLE_TESTABILITY = YES;
				GCC_C_LANGUAGE_STANDARD = gnu99;
				GCC_DYNAMIC_NO_PIC = NO;
				GCC_NO_COMMON_BLOCKS = YES;
				GCC_OPTIMIZATION_LEVEL = 0;
				GCC_PREPROCESSOR_DEFINITIONS = (
					"DEBUG=1",
					"$(inherited)",
				);
				GCC_WARN_64_TO_32_BIT_CONVERSION = YES;
				GCC_WARN_ABOUT_RETURN_TYPE = YES_ERROR;
				GCC_WARN_UNDECLARED_SELECTOR = YES;
				GCC_WARN_UNINITIALIZED_AUTOS = YES_AGGRESSIVE;
				GCC_WARN_UNUSED_FUNCTION = YES;
				GCC_WARN_UNUSED_VARIABLE = YES;
				IPHONEOS_DEPLOYMENT_TARGET = 10.3;
				MTL_ENABLE_DEBUG_INFO = YES;
				ONLY_ACTIVE_ARCH = YES;
				SDKROOT = iphoneos;
			};
			name = Debug;
		};
		2173F3F01F4197880092A877 /* Release */ = {
			isa = XCBuildConfiguration;
			buildSettings = {
				ALWAYS_SEARCH_USER_PATHS = NO;
				CLANG_ANALYZER_NONNULL = YES;
				CLANG_ANALYZER_NUMBER_OBJECT_CONVERSION = YES_AGGRESSIVE;
				CLANG_CXX_LANGUAGE_STANDARD = "gnu++0x";
				CLANG_CXX_LIBRARY = "libc++";
				CLANG_ENABLE_MODULES = YES;
				CLANG_ENABLE_OBJC_ARC = YES;
				CLANG_WARN_BOOL_CONVERSION = YES;
				CLANG_WARN_CONSTANT_CONVERSION = YES;
				CLANG_WARN_DIRECT_OBJC_ISA_USAGE = YES_ERROR;
				CLANG_WARN_DOCUMENTATION_COMMENTS = YES;
				CLANG_WARN_EMPTY_BODY = YES;
				CLANG_WARN_ENUM_CONVERSION = YES;
				CLANG_WARN_INFINITE_RECURSION = YES;
				CLANG_WARN_INT_CONVERSION = YES;
				CLANG_WARN_OBJC_ROOT_CLASS = YES_ERROR;
				CLANG_WARN_SUSPICIOUS_MOVE = YES;
				CLANG_WARN_UNREACHABLE_CODE = YES;
				CLANG_WARN__DUPLICATE_METHOD_MATCH = YES;
				"CODE_SIGN_IDENTITY[sdk=iphoneos*]" = "iPhone Developer";
				COPY_PHASE_STRIP = NO;
				DEBUG_INFORMATION_FORMAT = "dwarf-with-dsym";
				ENABLE_NS_ASSERTIONS = NO;
				ENABLE_STRICT_OBJC_MSGSEND = YES;
				GCC_C_LANGUAGE_STANDARD = gnu99;
				GCC_NO_COMMON_BLOCKS = YES;
				GCC_WARN_64_TO_32_BIT_CONVERSION = YES;
				GCC_WARN_ABOUT_RETURN_TYPE = YES_ERROR;
				GCC_WARN_UNDECLARED_SELECTOR = YES;
				GCC_WARN_UNINITIALIZED_AUTOS = YES_AGGRESSIVE;
				GCC_WARN_UNUSED_FUNCTION = YES;
				GCC_WARN_UNUSED_VARIABLE = YES;
				IPHONEOS_DEPLOYMENT_TARGET = 10.3;
				MTL_ENABLE_DEBUG_INFO = NO;
				SDKROOT = iphoneos;
				VALIDATE_PRODUCT = YES;
			};
			name = Release;
		};
		2173F3F21F4197880092A877 /* Debug */ = {
			isa = XCBuildConfiguration;
			baseConfigurationReference = 7F3EE86D3F371AC358B4F159 /* Pods-YJXMLYFM.debug.xcconfig */;
			buildSettings = {
				ASSETCATALOG_COMPILER_APPICON_NAME = AppIcon;
				DEVELOPMENT_TEAM = C7G78L37X3;
				GCC_PREFIX_HEADER = YJXMLYFM/XMLYPrefixHeader.pch;
				INFOPLIST_FILE = YJXMLYFM/Info.plist;
				LD_RUNPATH_SEARCH_PATHS = "$(inherited) @executable_path/Frameworks";
				PRODUCT_BUNDLE_IDENTIFIER = com..YJXMLYFM;
				PRODUCT_NAME = "$(TARGET_NAME)";
			};
			name = Debug;
		};
		2173F3F31F4197880092A877 /* Release */ = {
			isa = XCBuildConfiguration;
			baseConfigurationReference = DEF906DBD884B14B765247F6 /* Pods-YJXMLYFM.release.xcconfig */;
			buildSettings = {
				ASSETCATALOG_COMPILER_APPICON_NAME = AppIcon;
				DEVELOPMENT_TEAM = C7G78L37X3;
				GCC_PREFIX_HEADER = YJXMLYFM/XMLYPrefixHeader.pch;
				INFOPLIST_FILE = YJXMLYFM/Info.plist;
				LD_RUNPATH_SEARCH_PATHS = "$(inherited) @executable_path/Frameworks";
				PRODUCT_BUNDLE_IDENTIFIER = com..YJXMLYFM;
				PRODUCT_NAME = "$(TARGET_NAME)";
			};
			name = Release;
		};
		2173F3F51F4197880092A877 /* Debug */ = {
			isa = XCBuildConfiguration;
			buildSettings = {
				BUNDLE_LOADER = "$(TEST_HOST)";
				DEVELOPMENT_TEAM = C7G78L37X3;
				INFOPLIST_FILE = YJXMLYFMTests/Info.plist;
				LD_RUNPATH_SEARCH_PATHS = "$(inherited) @executable_path/Frameworks @loader_path/Frameworks";
				PRODUCT_BUNDLE_IDENTIFIER = com..YJXMLYFMTests;
				PRODUCT_NAME = "$(TARGET_NAME)";
				TEST_HOST = "$(BUILT_PRODUCTS_DIR)/YJXMLYFM.app/YJXMLYFM";
			};
			name = Debug;
		};
		2173F3F61F4197880092A877 /* Release */ = {
			isa = XCBuildConfiguration;
			buildSettings = {
				BUNDLE_LOADER = "$(TEST_HOST)";
				DEVELOPMENT_TEAM = C7G78L37X3;
				INFOPLIST_FILE = YJXMLYFMTests/Info.plist;
				LD_RUNPATH_SEARCH_PATHS = "$(inherited) @executable_path/Frameworks @loader_path/Frameworks";
				PRODUCT_BUNDLE_IDENTIFIER = com..YJXMLYFMTests;
				PRODUCT_NAME = "$(TARGET_NAME)";
				TEST_HOST = "$(BUILT_PRODUCTS_DIR)/YJXMLYFM.app/YJXMLYFM";
			};
			name = Release;
		};
		2173F3F81F4197880092A877 /* Debug */ = {
			isa = XCBuildConfiguration;
			buildSettings = {
				DEVELOPMENT_TEAM = C7G78L37X3;
				INFOPLIST_FILE = YJXMLYFMUITests/Info.plist;
				LD_RUNPATH_SEARCH_PATHS = "$(inherited) @executable_path/Frameworks @loader_path/Frameworks";
				PRODUCT_BUNDLE_IDENTIFIER = com..YJXMLYFMUITests;
				PRODUCT_NAME = "$(TARGET_NAME)";
				TEST_TARGET_NAME = YJXMLYFM;
			};
			name = Debug;
		};
		2173F3F91F4197880092A877 /* Release */ = {
			isa = XCBuildConfiguration;
			buildSettings = {
				DEVELOPMENT_TEAM = C7G78L37X3;
				INFOPLIST_FILE = YJXMLYFMUITests/Info.plist;
				LD_RUNPATH_SEARCH_PATHS = "$(inherited) @executable_path/Frameworks @loader_path/Frameworks";
				PRODUCT_BUNDLE_IDENTIFIER = com..YJXMLYFMUITests;
				PRODUCT_NAME = "$(TARGET_NAME)";
				TEST_TARGET_NAME = YJXMLYFM;
			};
			name = Release;
		};
/* End XCBuildConfiguration section */

/* Begin XCConfigurationList section */
		2173F3BF1F4197870092A877 /* Build configuration list for PBXProject "YJXMLYFM" */ = {
			isa = XCConfigurationList;
			buildConfigurations = (
				2173F3EF1F4197880092A877 /* Debug */,
				2173F3F01F4197880092A877 /* Release */,
			);
			defaultConfigurationIsVisible = 0;
			defaultConfigurationName = Release;
		};
		2173F3F11F4197880092A877 /* Build configuration list for PBXNativeTarget "YJXMLYFM" */ = {
			isa = XCConfigurationList;
			buildConfigurations = (
				2173F3F21F4197880092A877 /* Debug */,
				2173F3F31F4197880092A877 /* Release */,
			);
			defaultConfigurationIsVisible = 0;
			defaultConfigurationName = Release;
		};
		2173F3F41F4197880092A877 /* Build configuration list for PBXNativeTarget "YJXMLYFMTests" */ = {
			isa = XCConfigurationList;
			buildConfigurations = (
				2173F3F51F4197880092A877 /* Debug */,
				2173F3F61F4197880092A877 /* Release */,
			);
			defaultConfigurationIsVisible = 0;
			defaultConfigurationName = Release;
		};
		2173F3F71F4197880092A877 /* Build configuration list for PBXNativeTarget "YJXMLYFMUITests" */ = {
			isa = XCConfigurationList;
			buildConfigurations = (
				2173F3F81F4197880092A877 /* Debug */,
				2173F3F91F4197880092A877 /* Release */,
			);
			defaultConfigurationIsVisible = 0;
			defaultConfigurationName = Release;
		};
/* End XCConfigurationList section */
	};
	rootObject = 2173F3BC1F4197870092A877 /* Project object */;
}
